// !$*UTF8*$!
{
	archiveVersion = 1;
	classes = {
	};
	objectVersion = 55;
	objects = {

/* Begin PBXBuildFile section */
		B56D84AE2822F44700A9DDD0 /* PeterCardApp.swift in Sources */ = {isa = PBXBuildFile; fileRef = B56D84AD2822F44700A9DDD0 /* PeterCardApp.swift */; };
		B56D84B02822F44700A9DDD0 /* PeterCardDocument.swift in Sources */ = {isa = PBXBuildFile; fileRef = B56D84AF2822F44700A9DDD0 /* PeterCardDocument.swift */; };
		B56D84B22822F44700A9DDD0 /* ContentView.swift in Sources */ = {isa = PBXBuildFile; fileRef = B56D84B12822F44700A9DDD0 /* ContentView.swift */; };
		B56D84B42822F44A00A9DDD0 /* Assets.xcassets in Resources */ = {isa = PBXBuildFile; fileRef = B56D84B32822F44900A9DDD0 /* Assets.xcassets */; };
		B56D84B72822F44A00A9DDD0 /* Preview Assets.xcassets in Resources */ = {isa = PBXBuildFile; fileRef = B56D84B62822F44A00A9DDD0 /* Preview Assets.xcassets */; };
		B56D84C02822F4DA00A9DDD0 /* Pacifico-Regular.ttf in Resources */ = {isa = PBXBuildFile; fileRef = B56D84BF2822F4DA00A9DDD0 /* Pacifico-Regular.ttf */; };
		B56D84C22823653800A9DDD0 /* InfoView.swift in Sources */ = {isa = PBXBuildFile; fileRef = B56D84C12823653800A9DDD0 /* InfoView.swift */; };
/* End PBXBuildFile section */

/* Begin PBXFileReference section */
		B56D84AA2822F44700A9DDD0 /* PeterCard.app */ = {isa = PBXFileReference; explicitFileType = wrapper.application; includeInIndex = 0; path = PeterCard.app; sourceTree = BUILT_PRODUCTS_DIR; };
		B56D84AD2822F44700A9DDD0 /* PeterCardApp.swift */ = {isa = PBXFileReference; lastKnownFileType = sourcecode.swift; path = PeterCardApp.swift; sourceTree = "<group>"; };
		B56D84AF2822F44700A9DDD0 /* PeterCardDocument.swift */ = {isa = PBXFileReference; lastKnownFileType = sourcecode.swift; path = PeterCardDocument.swift; sourceTree = "<group>"; };
		B56D84B12822F44700A9DDD0 /* ContentView.swift */ = {isa = PBXFileReference; lastKnownFileType = sourcecode.swift; path = ContentView.swift; sourceTree = "<group>"; };
		B56D84B32822F44900A9DDD0 /* Assets.xcassets */ = {isa = PBXFileReference; lastKnownFileType = folder.assetcatalog; path = Assets.xcassets; sourceTree = "<group>"; };
		B56D84B62822F44A00A9DDD0 /* Preview Assets.xcassets */ = {isa = PBXFileReference; lastKnownFileType = folder.assetcatalog; path = "Preview Assets.xcassets"; sourceTree = "<group>"; };
		B56D84B82822F44A00A9DDD0 /* Info.plist */ = {isa = PBXFileReference; lastKnownFileType = text.plist.xml; path = Info.plist; sourceTree = "<group>"; };
		B56D84BF2822F4DA00A9DDD0 /* Pacifico-Regular.ttf */ = {isa = PBXFileReference; lastKnownFileType = file; path = "Pacifico-Regular.ttf"; sourceTree = "<group>"; };
		B56D84C12823653800A9DDD0 /* InfoView.swift */ = {isa = PBXFileReference; lastKnownFileType = sourcecode.swift; path = InfoView.swift; sourceTree = "<group>"; };
/* End PBXFileReference section */

/* Begin PBXFrameworksBuildPhase section */
		B56D84A72822F44700A9DDD0 /* Frameworks */ = {
			isa = PBXFrameworksBuildPhase;
			buildActionMask = 2147483647;
			files = (
			);
			runOnlyForDeploymentPostprocessing = 0;
		};
/* End PBXFrameworksBuildPhase section */

/* Begin PBXGroup section */
		B56D84A12822F44700A9DDD0 = {
			isa = PBXGroup;
			children = (
				B56D84AC2822F44700A9DDD0 /* PeterCard */,
				B56D84AB2822F44700A9DDD0 /* Products */,
			);
			sourceTree = "<group>";
		};
		B56D84AB2822F44700A9DDD0 /* Products */ = {
			isa = PBXGroup;
			children = (
				B56D84AA2822F44700A9DDD0 /* PeterCard.app */,
			);
			name = Products;
			sourceTree = "<group>";
		};
		B56D84AC2822F44700A9DDD0 /* PeterCard */ = {
			isa = PBXGroup;
			children = (
				B56D84BE2822F4BE00A9DDD0 /* fonts */,
				B56D84AD2822F44700A9DDD0 /* PeterCardApp.swift */,
				B56D84AF2822F44700A9DDD0 /* PeterCardDocument.swift */,
				B56D84B12822F44700A9DDD0 /* ContentView.swift */,
				B56D84C12823653800A9DDD0 /* InfoView.swift */,
				B56D84B32822F44900A9DDD0 /* Assets.xcassets */,
				B56D84B82822F44A00A9DDD0 /* Info.plist */,
				B56D84B52822F44A00A9DDD0 /* Preview Content */,
			);
			path = PeterCard;
			sourceTree = "<group>";
		};
		B56D84B52822F44A00A9DDD0 /* Preview Content */ = {
			isa = PBXGroup;
			children = (
				B56D84B62822F44A00A9DDD0 /* Preview Assets.xcassets */,
			);
			path = "Preview Content";
			sourceTree = "<group>";
		};
		B56D84BE2822F4BE00A9DDD0 /* fonts */ = {
			isa = PBXGroup;
			children = (
				B56D84BF2822F4DA00A9DDD0 /* Pacifico-Regular.ttf */,
			);
			path = fonts;
			sourceTree = "<group>";
		};
/* End PBXGroup section */

/* Begin PBXNativeTarget section */
		B56D84A92822F44700A9DDD0 /* PeterCard */ = {
			isa = PBXNativeTarget;
			buildConfigurationList = B56D84BB2822F44A00A9DDD0 /* Build configuration list for PBXNativeTarget "PeterCard" */;
			buildPhases = (
				B56D84A62822F44700A9DDD0 /* Sources */,
				B56D84A72822F44700A9DDD0 /* Frameworks */,
				B56D84A82822F44700A9DDD0 /* Resources */,
			);
			buildRules = (
			);
			dependencies = (
			);
			name = PeterCard;
			productName = PeterCard;
			productReference = B56D84AA2822F44700A9DDD0 /* PeterCard.app */;
			productType = "com.apple.product-type.application";
		};
/* End PBXNativeTarget section */

/* Begin PBXProject section */
		B56D84A22822F44700A9DDD0 /* Project object */ = {
			isa = PBXProject;
			attributes = {
				BuildIndependentTargetsInParallel = 1;
				LastSwiftUpdateCheck = 1330;
				LastUpgradeCheck = 1330;
				TargetAttributes = {
					B56D84A92822F44700A9DDD0 = {
						CreatedOnToolsVersion = 13.3.1;
					};
				};
			};
			buildConfigurationList = B56D84A52822F44700A9DDD0 /* Build configuration list for PBXProject "PeterCard" */;
			compatibilityVersion = "Xcode 13.0";
			developmentRegion = en;
			hasScannedForEncodings = 0;
			knownRegions = (
				en,
				Base,
			);
			mainGroup = B56D84A12822F44700A9DDD0;
			productRefGroup = B56D84AB2822F44700A9DDD0 /* Products */;
			projectDirPath = "";
			projectRoot = "";
			targets = (
				B56D84A92822F44700A9DDD0 /* PeterCard */,
			);
		};
/* End PBXProject section */

/* Begin PBXResourcesBuildPhase section */
		B56D84A82822F44700A9DDD0 /* Resources */ = {
			isa = PBXResourcesBuildPhase;
			buildActionMask = 2147483647;
			files = (
				B56D84C02822F4DA00A9DDD0 /* Pacifico-Regular.ttf in Resources */,
				B56D84B72822F44A00A9DDD0 /* Preview Assets.xcassets in Resources */,
				B56D84B42822F44A00A9DDD0 /* Assets.xcassets in Resources */,
			);
			runOnlyForDeploymentPostprocessing = 0;
		};
/* End PBXResourcesBuildPhase section */

/* Begin PBXSourcesBuildPhase section */
		B56D84A62822F44700A9DDD0 /* Sources */ = {
			isa = PBXSourcesBuildPhase;
			buildActionMask = 2147483647;
			files = (
				B56D84C22823653800A9DDD0 /* InfoView.swift in Sources */,
				B56D84AE2822F44700A9DDD0 /* PeterCardApp.swift in Sources */,
				B56D84B02822F44700A9DDD0 /* PeterCardDocument.swift in Sources */,
				B56D84B22822F44700A9DDD0 /* ContentView.swift in Sources */,
			);
			runOnlyForDeploymentPostprocessing = 0;
		};
/* End PBXSourcesBuildPhase section */

/* Begin XCBuildConfiguration section */
		B56D84B92822F44A00A9DDD0 /* Debug */ = {
			isa = XCBuildConfiguration;
			buildSettings = {
				ALWAYS_SEARCH_USER_PATHS = NO;
				CLANG_ANALYZER_NONNULL = YES;
				CLANG_ANALYZER_NUMBER_OBJECT_CONVERSION = YES_AGGRESSIVE;
				CLANG_CXX_LANGUAGE_STANDARD = "gnu++17";
				CLANG_ENABLE_MODULES = YES;
				CLANG_ENABLE_OBJC_ARC = YES;
				CLANG_ENABLE_OBJC_WEAK = YES;
				CLANG_WARN_BLOCK_CAPTURE_AUTORELEASING = YES;
				CLANG_WARN_BOOL_CONVERSION = YES;
				CLANG_WARN_COMMA = YES;
				CLANG_WARN_CONSTANT_CONVERSION = YES;
				CLANG_WARN_DEPRECATED_OBJC_IMPLEMENTATIONS = YES;
				CLANG_WARN_DIRECT_OBJC_ISA_USAGE = YES_ERROR;
				CLANG_WARN_DOCUMENTATION_COMMENTS = YES;
				CLANG_WARN_EMPTY_BODY = YES;
				CLANG_WARN_ENUM_CONVERSION = YES;
				CLANG_WARN_INFINITE_RECURSION = YES;
				CLANG_WARN_INT_CONVERSION = YES;
				CLANG_WARN_NON_LITERAL_NULL_CONVERSION = YES;
				CLANG_WARN_OBJC_IMPLICIT_RETAIN_SELF = YES;
				CLANG_WARN_OBJC_LITERAL_CONVERSION = YES;
				CLANG_WARN_OBJC_ROOT_CLASS = YES_ERROR;
				CLANG_WARN_QUOTED_INCLUDE_IN_FRAMEWORK_HEADER = YES;
				CLANG_WARN_RANGE_LOOP_ANALYSIS = YES;
				CLANG_WARN_STRICT_PROTOTYPES = YES;
				CLANG_WARN_SUSPICIOUS_MOVE = YES;
				CLANG_WARN_UNGUARDED_AVAILABILITY = YES_AGGRESSIVE;
				CLANG_WARN_UNREACHABLE_CODE = YES;
				CLANG_WARN__DUPLICATE_METHOD_MATCH = YES;
				COPY_PHASE_STRIP = NO;
				DEBUG_INFORMATION_FORMAT = dwarf;
				ENABLE_STRICT_OBJC_MSGSEND = YES;
				ENABLE_TESTABILITY = YES;
				GCC_C_LANGUAGE_STANDARD = gnu11;
				GCC_DYNAMIC_NO_PIC = NO;
				GCC_NO_COMMON_BLOCKS = YES;
				GCC_OPTIMIZATION_LEVEL = 0;
				GCC_PREPROCESSOR_DEFINITIONS = (
					"DEBUG=1",
					"$(inherited)",
				);
				GCC_WARN_64_TO_32_BIT_CONVERSION = YES;
				GCC_WARN_ABOUT_RETURN_TYPE = YES_ERROR;
				GCC_WARN_UNDECLARED_SELECTOR = YES;
				GCC_WARN_UNINITIALIZED_AUTOS = YES_AGGRESSIVE;
				GCC_WARN_UNUSED_FUNCTION = YES;
				GCC_WARN_UNUSED_VARIABLE = YES;
				IPHONEOS_DEPLOYMENT_TARGET = 15.4;
				MTL_ENABLE_DEBUG_INFO = INCLUDE_SOURCE;
				MTL_FAST_MATH = YES;
				ONLY_ACTIVE_ARCH = YES;
				SDKROOT = iphoneos;
				SWIFT_ACTIVE_COMPILATION_CONDITIONS = DEBUG;
				SWIFT_OPTIMIZATION_LEVEL = "-Onone";
			};
			name = Debug;
		};
		B56D84BA2822F44A00A9DDD0 /* Release */ = {
			isa = XCBuildConfiguration;
			buildSettings = {
				ALWAYS_SEARCH_USER_PATHS = NO;
				CLANG_ANALYZER_NONNULL = YES;
				CLANG_ANALYZER_NUMBER_OBJECT_CONVERSION = YES_AGGRESSIVE;
				CLANG_CXX_LANGUAGE_STANDARD = "gnu++17";
				CLANG_ENABLE_MODULES = YES;
				CLANG_ENABLE_OBJC_ARC = YES;
				CLANG_ENABLE_OBJC_WEAK = YES;
				CLANG_WARN_BLOCK_CAPTURE_AUTORELEASING = YES;
				CLANG_WARN_BOOL_CONVERSION = YES;
				CLANG_WARN_COMMA = YES;
				CLANG_WARN_CONSTANT_CONVERSION = YES;
				CLANG_WARN_DEPRECATED_OBJC_IMPLEMENTATIONS = YES;
				CLANG_WARN_DIRECT_OBJC_ISA_USAGE = YES_ERROR;
				CLANG_WARN_DOCUMENTATION_COMMENTS = YES;
				CLANG_WARN_EMPTY_BODY = YES;
				CLANG_WARN_ENUM_CONVERSION = YES;
				CLANG_WARN_INFINITE_RECURSION = YES;
				CLANG_WARN_INT_CONVERSION = YES;
				CLANG_WARN_NON_LITERAL_NULL_CONVERSION = YES;
				CLANG_WARN_OBJC_IMPLICIT_RETAIN_SELF = YES;
				CLANG_WARN_OBJC_LITERAL_CONVERSION = YES;
				CLANG_WARN_OBJC_ROOT_CLASS = YES_ERROR;
				CLANG_WARN_QUOTED_INCLUDE_IN_FRAMEWORK_HEADER = YES;
				CLANG_WARN_RANGE_LOOP_ANALYSIS = YES;
				CLANG_WARN_STRICT_PROTOTYPES = YES;
				CLANG_WARN_SUSPICIOUS_MOVE = YES;
				CLANG_WARN_UNGUARDED_AVAILABILITY = YES_AGGRESSIVE;
				CLANG_WARN_UNREACHABLE_CODE = YES;
				CLANG_WARN__DUPLICATE_METHOD_MATCH = YES;
				COPY_PHASE_STRIP = NO;
				DEBUG_INFORMATION_FORMAT = "dwarf-with-dsym";
				ENABLE_NS_ASSERTIONS = NO;
				ENABLE_STRICT_OBJC_MSGSEND = YES;
				GCC_C_LANGUAGE_STANDARD = gnu11;
				GCC_NO_COMMON_BLOCKS = YES;
				GCC_WARN_64_TO_32_BIT_CONVERSION = YES;
				GCC_WARN_ABOUT_RETURN_TYPE = YES_ERROR;
				GCC_WARN_UNDECLARED_SELECTOR = YES;
				GCC_WARN_UNINITIALIZED_AUTOS = YES_AGGRESSIVE;
				GCC_WARN_UNUSED_FUNCTION = YES;
				GCC_WARN_UNUSED_VARIABLE = YES;
				IPHONEOS_DEPLOYMENT_TARGET = 15.4;
				MTL_ENABLE_DEBUG_INFO = NO;
				MTL_FAST_MATH = YES;
				SDKROOT = iphoneos;
				SWIFT_COMPILATION_MODE = wholemodule;
				SWIFT_OPTIMIZATION_LEVEL = "-O";
				VALIDATE_PRODUCT = YES;
			};
			name = Release;
		};
		B56D84BC2822F44A00A9DDD0 /* Debug */ = {
			isa = XCBuildConfiguration;
			buildSettings = {
				ASSETCATALOG_COMPILER_APPICON_NAME = AppIcon;
				ASSETCATALOG_COMPILER_GLOBAL_ACCENT_COLOR_NAME = AccentColor;
				CODE_SIGN_STYLE = Automatic;
				CURRENT_PROJECT_VERSION = 1;
				DEVELOPMENT_ASSET_PATHS = "\"PeterCard/Preview Content\"";
				DEVELOPMENT_TEAM = 9WA534W38K;
				ENABLE_PREVIEWS = YES;
				GENERATE_INFOPLIST_FILE = YES;
				INFOPLIST_FILE = PeterCard/Info.plist;
				INFOPLIST_KEY_UIApplicationSceneManifest_Generation = YES;
				INFOPLIST_KEY_UIApplicationSupportsIndirectInputEvents = YES;
				INFOPLIST_KEY_UILaunchScreen_Generation = YES;
				INFOPLIST_KEY_UISupportedInterfaceOrientations_iPad = "UIInterfaceOrientationPortrait UIInterfaceOrientationPortraitUpsideDown UIInterfaceOrientationLandscapeLeft UIInterfaceOrientationLandscapeRight";
				INFOPLIST_KEY_UISupportedInterfaceOrientations_iPhone = "UIInterfaceOrientationPortrait UIInterfaceOrientationLandscapeLeft UIInterfaceOrientationLandscapeRight";
				INFOPLIST_KEY_UISupportsDocumentBrowser = YES;
				LD_RUNPATH_SEARCH_PATHS = (
					"$(inherited)",
					"@executable_path/Frameworks",
				);
				MARKETING_VERSION = 1.0;
				PRODUCT_BUNDLE_IDENTIFIER = com.peter.hu.PeterCard;
				PRODUCT_NAME = "$(TARGET_NAME)";
				SWIFT_EMIT_LOC_STRINGS = YES;
				SWIFT_VERSION = 5.0;
				TARGETED_DEVICE_FAMILY = "1,2";
			};
			name = Debug;
		};
		B56D84BD2822F44A00A9DDD0 /* Release */ = {
			isa = XCBuildConfiguration;
			buildSettings = {
				ASSETCATALOG_COMPILER_APPICON_NAME = AppIcon;
				ASSETCATALOG_COMPILER_GLOBAL_ACCENT_COLOR_NAME = AccentColor;
				CODE_SIGN_STYLE = Automatic;
				CURRENT_PROJECT_VERSION = 1;
				DEVELOPMENT_ASSET_PATHS = "\"PeterCard/Preview Content\"";
				DEVELOPMENT_TEAM = 9WA534W38K;
				ENABLE_PREVIEWS = YES;
				GENERATE_INFOPLIST_FILE = YES;
				INFOPLIST_FILE = PeterCard/Info.plist;
				INFOPLIST_KEY_UIApplicationSceneManifest_Generation = YES;
				INFOPLIST_KEY_UIApplicationSupportsIndirectInputEvents = YES;
				INFOPLIST_KEY_UILaunchScreen_Generation = YES;
				INFOPLIST_KEY_UISupportedInterfaceOrientations_iPad = "UIInterfaceOrientationPortrait UIInterfaceOrientationPortraitUpsideDown UIInterfaceOrientationLandscapeLeft UIInterfaceOrientationLandscapeRight";
				INFOPLIST_KEY_UISupportedInterfaceOrientations_iPhone = "UIInterfaceOrientationPortrait UIInterfaceOrientationLandscapeLeft UIInterfaceOrientationLandscapeRight";
				INFOPLIST_KEY_UISupportsDocumentBrowser = YES;
				LD_RUNPATH_SEARCH_PATHS = (
					"$(inherited)",
					"@executable_path/Frameworks",
				);
				MARKETING_VERSION = 1.0;
				PRODUCT_BUNDLE_IDENTIFIER = com.peter.hu.PeterCard;
				PRODUCT_NAME = "$(TARGET_NAME)";
				SWIFT_EMIT_LOC_STRINGS = YES;
				SWIFT_VERSION = 5.0;
				TARGETED_DEVICE_FAMILY = "1,2";
			};
			name = Release;
		};
/* End XCBuildConfiguration section */

/* Begin XCConfigurationList section */
		B56D84A52822F44700A9DDD0 /* Build configuration list for PBXProject "PeterCard" */ = {
			isa = XCConfigurationList;
			buildConfigurations = (
				B56D84B92822F44A00A9DDD0 /* Debug */,
				B56D84BA2822F44A00A9DDD0 /* Release */,
			);
			defaultConfigurationIsVisible = 0;
			defaultConfigurationName = Release;
		};
		B56D84BB2822F44A00A9DDD0 /* Build configuration list for PBXNativeTarget "PeterCard" */ = {
			isa = XCConfigurationList;
			buildConfigurations = (
				B56D84BC2822F44A00A9DDD0 /* Debug */,
				B56D84BD2822F44A00A9DDD0 /* Release */,
			);
			defaultConfigurationIsVisible = 0;
			defaultConfigurationName = Release;
		};
/* End XCConfigurationList section */
	};
	rootObject = B56D84A22822F44700A9DDD0 /* Project object */;
}
